
Microsoft Visual Studio Solution File, Format Version 12.00
# Visual Studio Version 17
VisualStudioVersion = 17.9.34616.47
MinimumVisualStudioVersion = 10.0.40219.1
Project("{2150E333-8FDC-42A3-9474-1A3956D46DE8}") = "Services", "Services", "{61F362F4-3272-4139-B694-07F16031D760}"
EndProject
Project("{2150E333-8FDC-42A3-9474-1A3956D46DE8}") = "Catalog", "Catalog", "{B0D42DF5-2FA9-44F0-81D6-5F6E77D7A61B}"
EndProject
Project("{9A19103F-16F7-4668-BE54-9A1E7A4F7556}") = "Catalog.API", "Services\Catalog\Catalog.API\Catalog.API.csproj", "{0949F79D-D761-4BA9-9877-01B631937516}"
EndProject
Project("{2150E333-8FDC-42A3-9474-1A3956D46DE8}") = "BuildingBlocks", "BuildingBlocks", "{B1352A32-D0EA-44BC-ABAA-1E7E7DF3B800}"
EndProject
Project("{9A19103F-16F7-4668-BE54-9A1E7A4F7556}") = "BuildingBlocks", "BuildingBlocks\BuildingBlocks\BuildingBlocks.csproj", "{DAF9ACE8-CA69-4CDB-BE5A-30BD328699D1}"
EndProject
Project("{E53339B2-1760-4266-BCC7-CA923CBCF16C}") = "docker-compose", "docker-compose.dcproj", "{059A4C78-B66B-4EBE-8E0E-6610210E4787}"
EndProject
Project("{2150E333-8FDC-42A3-9474-1A3956D46DE8}") = "Basket", "Basket", "{45FCA776-2A83-422D-9469-9B4820E3D13F}"
EndProject
Project("{9A19103F-16F7-4668-BE54-9A1E7A4F7556}") = "Basket.API", "Services\Basket\Basket.API\Basket.API.csproj", "{160BCEEE-28F2-4A39-9FB4-C32A004F8BD6}"
EndProject
Project("{2150E333-8FDC-42A3-9474-1A3956D46DE8}") = "Discount", "Discount", "{25EFE8D8-C6FE-4D2A-B084-BE49FE9E457E}"
EndProject
Project("{9A19103F-16F7-4668-BE54-9A1E7A4F7556}") = "Discount.Grpc", "Services\Discount\Discount.Grpc\Discount.Grpc.csproj", "{A0A51601-69B8-4D6B-BEF5-4C09E032A840}"
EndProject
Project("{2150E333-8FDC-42A3-9474-1A3956D46DE8}") = "Ordering", "Ordering", "{1A165006-5C0A-4EA8-8258-92D66BDB72DD}"
EndProject
Project("{9A19103F-16F7-4668-BE54-9A1E7A4F7556}") = "Ordering.API", "Services\Ordering\Ordering.API\Ordering.API.csproj", "{FC167EDE-87B9-430D-9673-E57FBAF50216}"
EndProject
Project("{9A19103F-16F7-4668-BE54-9A1E7A4F7556}") = "Ordering.Domain", "Services\Ordering\Ordering.Domain\Ordering.Domain.csproj", "{EF784C0B-35E3-4278-B41A-4462F80B9352}"
EndProject
Project("{9A19103F-16F7-4668-BE54-9A1E7A4F7556}") = "Ordering.Infrastructure", "Services\Ordering\Ordering.Infrastructure\Ordering.Infrastructure.csproj", "{0C93C9FD-B85A-4EB8-82A8-E70D77C5BB5A}"
EndProject
Project("{9A19103F-16F7-4668-BE54-9A1E7A4F7556}") = "Ordering.Application", "Services\Ordering\Ordering.Application\Ordering.Application.csproj", "{FDDB7106-1866-4D75-8A7F-A7A32936F769}"
EndProject
Project("{FAE04EC0-301F-11D3-BF4B-00C04F79EFBC}") = "BuildingBlocks.Messaging", "BuildingBlocks\BuildingBlocks.Messaging\BuildingBlocks.Messaging.csproj", "{0B5C5061-90A6-42AA-AE8C-DAD77A38F31C}"
EndProject
Global
	GlobalSection(SolutionConfigurationPlatforms) = preSolution
		Debug|Any CPU = Debug|Any CPU
		Release|Any CPU = Release|Any CPU
	EndGlobalSection
	GlobalSection(ProjectConfigurationPlatforms) = postSolution
		{0949F79D-D761-4BA9-9877-01B631937516}.Debug|Any CPU.ActiveCfg = Debug|Any CPU
		{0949F79D-D761-4BA9-9877-01B631937516}.Debug|Any CPU.Build.0 = Debug|Any CPU
		{0949F79D-D761-4BA9-9877-01B631937516}.Release|Any CPU.ActiveCfg = Release|Any CPU
		{0949F79D-D761-4BA9-9877-01B631937516}.Release|Any CPU.Build.0 = Release|Any CPU
		{DAF9ACE8-CA69-4CDB-BE5A-30BD328699D1}.Debug|Any CPU.ActiveCfg = Debug|Any CPU
		{DAF9ACE8-CA69-4CDB-BE5A-30BD328699D1}.Debug|Any CPU.Build.0 = Debug|Any CPU
		{DAF9ACE8-CA69-4CDB-BE5A-30BD328699D1}.Release|Any CPU.ActiveCfg = Release|Any CPU
		{DAF9ACE8-CA69-4CDB-BE5A-30BD328699D1}.Release|Any CPU.Build.0 = Release|Any CPU
		{059A4C78-B66B-4EBE-8E0E-6610210E4787}.Debug|Any CPU.ActiveCfg = Debug|Any CPU
		{059A4C78-B66B-4EBE-8E0E-6610210E4787}.Debug|Any CPU.Build.0 = Debug|Any CPU
		{059A4C78-B66B-4EBE-8E0E-6610210E4787}.Release|Any CPU.ActiveCfg = Release|Any CPU
		{059A4C78-B66B-4EBE-8E0E-6610210E4787}.Release|Any CPU.Build.0 = Release|Any CPU
		{160BCEEE-28F2-4A39-9FB4-C32A004F8BD6}.Debug|Any CPU.ActiveCfg = Debug|Any CPU
		{160BCEEE-28F2-4A39-9FB4-C32A004F8BD6}.Debug|Any CPU.Build.0 = Debug|Any CPU
		{160BCEEE-28F2-4A39-9FB4-C32A004F8BD6}.Release|Any CPU.ActiveCfg = Release|Any CPU
		{160BCEEE-28F2-4A39-9FB4-C32A004F8BD6}.Release|Any CPU.Build.0 = Release|Any CPU
		{A0A51601-69B8-4D6B-BEF5-4C09E032A840}.Debug|Any CPU.ActiveCfg = Debug|Any CPU
		{A0A51601-69B8-4D6B-BEF5-4C09E032A840}.Debug|Any CPU.Build.0 = Debug|Any CPU
		{A0A51601-69B8-4D6B-BEF5-4C09E032A840}.Release|Any CPU.ActiveCfg = Release|Any CPU
		{A0A51601-69B8-4D6B-BEF5-4C09E032A840}.Release|Any CPU.Build.0 = Release|Any CPU
		{FC167EDE-87B9-430D-9673-E57FBAF50216}.Debug|Any CPU.ActiveCfg = Debug|Any CPU
		{FC167EDE-87B9-430D-9673-E57FBAF50216}.Debug|Any CPU.Build.0 = Debug|Any CPU
		{FC167EDE-87B9-430D-9673-E57FBAF50216}.Release|Any CPU.ActiveCfg = Release|Any CPU
		{FC167EDE-87B9-430D-9673-E57FBAF50216}.Release|Any CPU.Build.0 = Release|Any CPU
		{EF784C0B-35E3-4278-B41A-4462F80B9352}.Debug|Any CPU.ActiveCfg = Debug|Any CPU
		{EF784C0B-35E3-4278-B41A-4462F80B9352}.Debug|Any CPU.Build.0 = Debug|Any CPU
		{EF784C0B-35E3-4278-B41A-4462F80B9352}.Release|Any CPU.ActiveCfg = Release|Any CPU
		{EF784C0B-35E3-4278-B41A-4462F80B9352}.Release|Any CPU.Build.0 = Release|Any CPU
		{0C93C9FD-B85A-4EB8-82A8-E70D77C5BB5A}.Debug|Any CPU.ActiveCfg = Debug|Any CPU
		{0C93C9FD-B85A-4EB8-82A8-E70D77C5BB5A}.Debug|Any CPU.Build.0 = Debug|Any CPU
		{0C93C9FD-B85A-4EB8-82A8-E70D77C5BB5A}.Release|Any CPU.ActiveCfg = Release|Any CPU
		{0C93C9FD-B85A-4EB8-82A8-E70D77C5BB5A}.Release|Any CPU.Build.0 = Release|Any CPU
		{FDDB7106-1866-4D75-8A7F-A7A32936F769}.Debug|Any CPU.ActiveCfg = Debug|Any CPU
		{FDDB7106-1866-4D75-8A7F-A7A32936F769}.Debug|Any CPU.Build.0 = Debug|Any CPU
		{FDDB7106-1866-4D75-8A7F-A7A32936F769}.Release|Any CPU.ActiveCfg = Release|Any CPU
		{FDDB7106-1866-4D75-8A7F-A7A32936F769}.Release|Any CPU.Build.0 = Release|Any CPU
		{0B5C5061-90A6-42AA-AE8C-DAD77A38F31C}.Debug|Any CPU.ActiveCfg = Debug|Any CPU
		{0B5C5061-90A6-42AA-AE8C-DAD77A38F31C}.Debug|Any CPU.Build.0 = Debug|Any CPU
		{0B5C5061-90A6-42AA-AE8C-DAD77A38F31C}.Release|Any CPU.ActiveCfg = Release|Any CPU
		{0B5C5061-90A6-42AA-AE8C-DAD77A38F31C}.Release|Any CPU.Build.0 = Release|Any CPU
	EndGlobalSection
	GlobalSection(SolutionProperties) = preSolution
		HideSolutionNode = FALSE
	EndGlobalSection
	GlobalSection(NestedProjects) = preSolution
		{B0D42DF5-2FA9-44F0-81D6-5F6E77D7A61B} = {61F362F4-3272-4139-B694-07F16031D760}
		{0949F79D-D761-4BA9-9877-01B631937516} = {B0D42DF5-2FA9-44F0-81D6-5F6E77D7A61B}
		{DAF9ACE8-CA69-4CDB-BE5A-30BD328699D1} = {B1352A32-D0EA-44BC-ABAA-1E7E7DF3B800}
		{45FCA776-2A83-422D-9469-9B4820E3D13F} = {61F362F4-3272-4139-B694-07F16031D760}
		{160BCEEE-28F2-4A39-9FB4-C32A004F8BD6} = {45FCA776-2A83-422D-9469-9B4820E3D13F}
		{25EFE8D8-C6FE-4D2A-B084-BE49FE9E457E} = {61F362F4-3272-4139-B694-07F16031D760}
		{A0A51601-69B8-4D6B-BEF5-4C09E032A840} = {25EFE8D8-C6FE-4D2A-B084-BE49FE9E457E}
		{1A165006-5C0A-4EA8-8258-92D66BDB72DD} = {61F362F4-3272-4139-B694-07F16031D760}
		{FC167EDE-87B9-430D-9673-E57FBAF50216} = {1A165006-5C0A-4EA8-8258-92D66BDB72DD}
		{EF784C0B-35E3-4278-B41A-4462F80B9352} = {1A165006-5C0A-4EA8-8258-92D66BDB72DD}
		{0C93C9FD-B85A-4EB8-82A8-E70D77C5BB5A} = {1A165006-5C0A-4EA8-8258-92D66BDB72DD}
		{FDDB7106-1866-4D75-8A7F-A7A32936F769} = {1A165006-5C0A-4EA8-8258-92D66BDB72DD}
		{0B5C5061-90A6-42AA-AE8C-DAD77A38F31C} = {B1352A32-D0EA-44BC-ABAA-1E7E7DF3B800}
	EndGlobalSection
	GlobalSection(ExtensibilityGlobals) = postSolution
		SolutionGuid = {DC31025B-8AAE-45C6-B032-0C950CE648B0}
	EndGlobalSection
EndGlobal
